// !$*UTF8*$!
{
	archiveVersion = 1;
	classes = {
	};
	objectVersion = 50;
	objects = {

/* Begin PBXBuildFile section */
		1DFBCB3421E7893A00EAFC76 /* AppDelegate.swift in Sources */ = {isa = PBXBuildFile; fileRef = 1DFBCB3321E7893A00EAFC76 /* AppDelegate.swift */; };
		1DFBCB3621E7893A00EAFC76 /* ViewController.swift in Sources */ = {isa = PBXBuildFile; fileRef = 1DFBCB3521E7893A00EAFC76 /* ViewController.swift */; };
		1DFBCB3921E7893A00EAFC76 /* Main.storyboard in Resources */ = {isa = PBXBuildFile; fileRef = 1DFBCB3721E7893A00EAFC76 /* Main.storyboard */; };
		1DFBCB3B21E7893B00EAFC76 /* Assets.xcassets in Resources */ = {isa = PBXBuildFile; fileRef = 1DFBCB3A21E7893B00EAFC76 /* Assets.xcassets */; };
		1DFBCB3E21E7893B00EAFC76 /* LaunchScreen.storyboard in Resources */ = {isa = PBXBuildFile; fileRef = 1DFBCB3C21E7893B00EAFC76 /* LaunchScreen.storyboard */; };
/* End PBXBuildFile section */

/* Begin PBXFileReference section */
		1DFBCB3021E7893A00EAFC76 /* Palmtree.app */ = {isa = PBXFileReference; explicitFileType = wrapper.application; includeInIndex = 0; path = Palmtree.app; sourceTree = BUILT_PRODUCTS_DIR; };
		1DFBCB3321E7893A00EAFC76 /* AppDelegate.swift */ = {isa = PBXFileReference; lastKnownFileType = sourcecode.swift; path = AppDelegate.swift; sourceTree = "<group>"; };
		1DFBCB3521E7893A00EAFC76 /* ViewController.swift */ = {isa = PBXFileReference; lastKnownFileType = sourcecode.swift; path = ViewController.swift; sourceTree = "<group>"; };
		1DFBCB3821E7893A00EAFC76 /* Base */ = {isa = PBXFileReference; lastKnownFileType = file.storyboard; name = Base; path = Base.lproj/Main.storyboard; sourceTree = "<group>"; };
		1DFBCB3A21E7893B00EAFC76 /* Assets.xcassets */ = {isa = PBXFileReference; lastKnownFileType = folder.assetcatalog; path = Assets.xcassets; sourceTree = "<group>"; };
		1DFBCB3D21E7893B00EAFC76 /* Base */ = {isa = PBXFileReference; lastKnownFileType = file.storyboard; name = Base; path = Base.lproj/LaunchScreen.storyboard; sourceTree = "<group>"; };
		1DFBCB3F21E7893B00EAFC76 /* Info.plist */ = {isa = PBXFileReference; lastKnownFileType = text.plist.xml; path = Info.plist; sourceTree = "<group>"; };
/* End PBXFileReference section */

/* Begin PBXFrameworksBuildPhase section */
		1DFBCB2D21E7893A00EAFC76 /* Frameworks */ = {
			isa = PBXFrameworksBuildPhase;
			buildActionMask = 2147483647;
			files = (
			);
			runOnlyForDeploymentPostprocessing = 0;
		};
/* End PBXFrameworksBuildPhase section */

/* Begin PBXGroup section */
		1DFBCB2721E7893A00EAFC76 = {
			isa = PBXGroup;
			children = (
				1DFBCB3221E7893A00EAFC76 /* Palmtree */,
				1DFBCB3121E7893A00EAFC76 /* Products */,
			);
			sourceTree = "<group>";
		};
		1DFBCB3121E7893A00EAFC76 /* Products */ = {
			isa = PBXGroup;
			children = (
				1DFBCB3021E7893A00EAFC76 /* Palmtree.app */,
			);
			name = Products;
			sourceTree = "<group>";
		};
		1DFBCB3221E7893A00EAFC76 /* Palmtree */ = {
			isa = PBXGroup;
			children = (
				1DFBCB3321E7893A00EAFC76 /* AppDelegate.swift */,
				1DFBCB3521E7893A00EAFC76 /* ViewController.swift */,
				1DFBCB3721E7893A00EAFC76 /* Main.storyboard */,
				1DFBCB3A21E7893B00EAFC76 /* Assets.xcassets */,
				1DFBCB3C21E7893B00EAFC76 /* LaunchScreen.storyboard */,
				1DFBCB3F21E7893B00EAFC76 /* Info.plist */,
			);
			path = Palmtree;
			sourceTree = "<group>";
		};
/* End PBXGroup section */

/* Begin PBXNativeTarget section */
		1DFBCB2F21E7893A00EAFC76 /* Palmtree */ = {
			isa = PBXNativeTarget;
			buildConfigurationList = 1DFBCB4221E7893C00EAFC76 /* Build configuration list for PBXNativeTarget "Palmtree" */;
			buildPhases = (
				1DFBCB2C21E7893A00EAFC76 /* Sources */,
				1DFBCB2D21E7893A00EAFC76 /* Frameworks */,
				1DFBCB2E21E7893A00EAFC76 /* Resources */,
			);
			buildRules = (
			);
			dependencies = (
			);
			name = Palmtree;
			productName = Palmtree;
			productReference = 1DFBCB3021E7893A00EAFC76 /* Palmtree.app */;
			productType = "com.apple.product-type.application";
		};
/* End PBXNativeTarget section */

/* Begin PBXProject section */
		1DFBCB2821E7893A00EAFC76 /* Project object */ = {
			isa = PBXProject;
			attributes = {
				LastSwiftUpdateCheck = 1010;
				LastUpgradeCheck = 1010;
				ORGANIZATIONNAME = snapsprite;
				TargetAttributes = {
					1DFBCB2F21E7893A00EAFC76 = {
						CreatedOnToolsVersion = 10.1;
					};
				};
			};
			buildConfigurationList = 1DFBCB2B21E7893A00EAFC76 /* Build configuration list for PBXProject "Palmtree" */;
			compatibilityVersion = "Xcode 9.3";
			developmentRegion = en;
			hasScannedForEncodings = 0;
			knownRegions = (
				en,
				Base,
			);
			mainGroup = 1DFBCB2721E7893A00EAFC76;
			productRefGroup = 1DFBCB3121E7893A00EAFC76 /* Products */;
			projectDirPath = "";
			projectRoot = "";
			targets = (
				1DFBCB2F21E7893A00EAFC76 /* Palmtree */,
			);
		};
/* End PBXProject section */

/* Begin PBXResourcesBuildPhase section */
		1DFBCB2E21E7893A00EAFC76 /* Resources */ = {
			isa = PBXResourcesBuildPhase;
			buildActionMask = 2147483647;
			files = (
				1DFBCB3E21E7893B00EAFC76 /* LaunchScreen.storyboard in Resources */,
				1DFBCB3B21E7893B00EAFC76 /* Assets.xcassets in Resources */,
				1DFBCB3921E7893A00EAFC76 /* Main.storyboard in Resources */,
			);
			runOnlyForDeploymentPostprocessing = 0;
		};
/* End PBXResourcesBuildPhase section */

/* Begin PBXSourcesBuildPhase section */
		1DFBCB2C21E7893A00EAFC76 /* Sources */ = {
			isa = PBXSourcesBuildPhase;
			buildActionMask = 2147483647;
			files = (
				1DFBCB3621E7893A00EAFC76 /* ViewController.swift in Sources */,
				1DFBCB3421E7893A00EAFC76 /* AppDelegate.swift in Sources */,
			);
			runOnlyForDeploymentPostprocessing = 0;
		};
/* End PBXSourcesBuildPhase section */

/* Begin PBXVariantGroup section */
		1DFBCB3721E7893A00EAFC76 /* Main.storyboard */ = {
			isa = PBXVariantGroup;
			children = (
				1DFBCB3821E7893A00EAFC76 /* Base */,
			);
			name = Main.storyboard;
			sourceTree = "<group>";
		};
		1DFBCB3C21E7893B00EAFC76 /* LaunchScreen.storyboard */ = {
			isa = PBXVariantGroup;
			children = (
				1DFBCB3D21E7893B00EAFC76 /* Base */,
			);
			name = LaunchScreen.storyboard;
			sourceTree = "<group>";
		};
/* End PBXVariantGroup section */

/* Begin XCBuildConfiguration section */
		1DFBCB4021E7893B00EAFC76 /* Debug */ = {
			isa = XCBuildConfiguration;
			buildSettings = {
				ALWAYS_SEARCH_USER_PATHS = NO;
				CLANG_ANALYZER_NONNULL = YES;
				CLANG_ANALYZER_NUMBER_OBJECT_CONVERSION = YES_AGGRESSIVE;
				CLANG_CXX_LANGUAGE_STANDARD = "gnu++14";
				CLANG_CXX_LIBRARY = "libc++";
				CLANG_ENABLE_MODULES = YES;
				CLANG_ENABLE_OBJC_ARC = YES;
				CLANG_ENABLE_OBJC_WEAK = YES;
				CLANG_WARN_BLOCK_CAPTURE_AUTORELEASING = YES;
				CLANG_WARN_BOOL_CONVERSION = YES;
				CLANG_WARN_COMMA = YES;
				CLANG_WARN_CONSTANT_CONVERSION = YES;
				CLANG_WARN_DEPRECATED_OBJC_IMPLEMENTATIONS = YES;
				CLANG_WARN_DIRECT_OBJC_ISA_USAGE = YES_ERROR;
				CLANG_WARN_DOCUMENTATION_COMMENTS = YES;
				CLANG_WARN_EMPTY_BODY = YES;
				CLANG_WARN_ENUM_CONVERSION = YES;
				CLANG_WARN_INFINITE_RECURSION = YES;
				CLANG_WARN_INT_CONVERSION = YES;
				CLANG_WARN_NON_LITERAL_NULL_CONVERSION = YES;
				CLANG_WARN_OBJC_IMPLICIT_RETAIN_SELF = YES;
				CLANG_WARN_OBJC_LITERAL_CONVERSION = YES;
				CLANG_WARN_OBJC_ROOT_CLASS = YES_ERROR;
				CLANG_WARN_RANGE_LOOP_ANALYSIS = YES;
				CLANG_WARN_STRICT_PROTOTYPES = YES;
				CLANG_WARN_SUSPICIOUS_MOVE = YES;
				CLANG_WARN_UNGUARDED_AVAILABILITY = YES_AGGRESSIVE;
				CLANG_WARN_UNREACHABLE_CODE = YES;
				CLANG_WARN__DUPLICATE_METHOD_MATCH = YES;
				CODE_SIGN_IDENTITY = "iPhone Developer";
				COPY_PHASE_STRIP = NO;
				DEBUG_INFORMATION_FORMAT = dwarf;
				ENABLE_STRICT_OBJC_MSGSEND = YES;
				ENABLE_TESTABILITY = YES;
				GCC_C_LANGUAGE_STANDARD = gnu11;
				GCC_DYNAMIC_NO_PIC = NO;
				GCC_NO_COMMON_BLOCKS = YES;
				GCC_OPTIMIZATION_LEVEL = 0;
				GCC_PREPROCESSOR_DEFINITIONS = (
					"DEBUG=1",
					"$(inherited)",
				);
				GCC_WARN_64_TO_32_BIT_CONVERSION = YES;
				GCC_WARN_ABOUT_RETURN_TYPE = YES_ERROR;
				GCC_WARN_UNDECLARED_SELECTOR = YES;
				GCC_WARN_UNINITIALIZED_AUTOS = YES_AGGRESSIVE;
				GCC_WARN_UNUSED_FUNCTION = YES;
				GCC_WARN_UNUSED_VARIABLE = YES;
				IPHONEOS_DEPLOYMENT_TARGET = 12.1;
				MTL_ENABLE_DEBUG_INFO = INCLUDE_SOURCE;
				MTL_FAST_MATH = YES;
				ONLY_ACTIVE_ARCH = YES;
				SDKROOT = iphoneos;
				SWIFT_ACTIVE_COMPILATION_CONDITIONS = DEBUG;
				SWIFT_OPTIMIZATION_LEVEL = "-Onone";
			};
			name = Debug;
		};
		1DFBCB4121E7893B00EAFC76 /* Release */ = {
			isa = XCBuildConfiguration;
			buildSettings = {
				ALWAYS_SEARCH_USER_PATHS = NO;
				CLANG_ANALYZER_NONNULL = YES;
				CLANG_ANALYZER_NUMBER_OBJECT_CONVERSION = YES_AGGRESSIVE;
				CLANG_CXX_LANGUAGE_STANDARD = "gnu++14";
				CLANG_CXX_LIBRARY = "libc++";
				CLANG_ENABLE_MODULES = YES;
				CLANG_ENABLE_OBJC_ARC = YES;
				CLANG_ENABLE_OBJC_WEAK = YES;
				CLANG_WARN_BLOCK_CAPTURE_AUTORELEASING = YES;
				CLANG_WARN_BOOL_CONVERSION = YES;
				CLANG_WARN_COMMA = YES;
				CLANG_WARN_CONSTANT_CONVERSION = YES;
				CLANG_WARN_DEPRECATED_OBJC_IMPLEMENTATIONS = YES;
				CLANG_WARN_DIRECT_OBJC_ISA_USAGE = YES_ERROR;
				CLANG_WARN_DOCUMENTATION_COMMENTS = YES;
				CLANG_WARN_EMPTY_BODY = YES;
				CLANG_WARN_ENUM_CONVERSION = YES;
				CLANG_WARN_INFINITE_RECURSION = YES;
				CLANG_WARN_INT_CONVERSION = YES;
				CLANG_WARN_NON_LITERAL_NULL_CONVERSION = YES;
				CLANG_WARN_OBJC_IMPLICIT_RETAIN_SELF = YES;
				CLANG_WARN_OBJC_LITERAL_CONVERSION = YES;
				CLANG_WARN_OBJC_ROOT_CLASS = YES_ERROR;
				CLANG_WARN_RANGE_LOOP_ANALYSIS = YES;
				CLANG_WARN_STRICT_PROTOTYPES = YES;
				CLANG_WARN_SUSPICIOUS_MOVE = YES;
				CLANG_WARN_UNGUARDED_AVAILABILITY = YES_AGGRESSIVE;
				CLANG_WARN_UNREACHABLE_CODE = YES;
				CLANG_WARN__DUPLICATE_METHOD_MATCH = YES;
				CODE_SIGN_IDENTITY = "iPhone Developer";
				COPY_PHASE_STRIP = NO;
				DEBUG_INFORMATION_FORMAT = "dwarf-with-dsym";
				ENABLE_NS_ASSERTIONS = NO;
				ENABLE_STRICT_OBJC_MSGSEND = YES;
				GCC_C_LANGUAGE_STANDARD = gnu11;
				GCC_NO_COMMON_BLOCKS = YES;
				GCC_WARN_64_TO_32_BIT_CONVERSION = YES;
				GCC_WARN_ABOUT_RETURN_TYPE = YES_ERROR;
				GCC_WARN_UNDECLARED_SELECTOR = YES;
				GCC_WARN_UNINITIALIZED_AUTOS = YES_AGGRESSIVE;
				GCC_WARN_UNUSED_FUNCTION = YES;
				GCC_WARN_UNUSED_VARIABLE = YES;
				IPHONEOS_DEPLOYMENT_TARGET = 12.1;
				MTL_ENABLE_DEBUG_INFO = NO;
				MTL_FAST_MATH = YES;
				SDKROOT = iphoneos;
				SWIFT_COMPILATION_MODE = wholemodule;
				SWIFT_OPTIMIZATION_LEVEL = "-O";
				VALIDATE_PRODUCT = YES;
			};
			name = Release;
		};
		1DFBCB4321E7893C00EAFC76 /* Debug */ = {
			isa = XCBuildConfiguration;
			buildSettings = {
				ASSETCATALOG_COMPILER_APPICON_NAME = AppIcon;
				CODE_SIGN_STYLE = Automatic;
				DEVELOPMENT_TEAM = ADPZHFMU4G;
				INFOPLIST_FILE = Palmtree/Info.plist;
				LD_RUNPATH_SEARCH_PATHS = (
					"$(inherited)",
					"@executable_path/Frameworks",
				);
				PRODUCT_BUNDLE_IDENTIFIER = com.snapsprite.Palmtree;
				PRODUCT_NAME = "$(TARGET_NAME)";
				SWIFT_VERSION = 4.2;
				TARGETED_DEVICE_FAMILY = "1,2";
			};
			name = Debug;
		};
		1DFBCB4421E7893C00EAFC76 /* Release */ = {
			isa = XCBuildConfiguration;
			buildSettings = {
				ASSETCATALOG_COMPILER_APPICON_NAME = AppIcon;
				CODE_SIGN_STYLE = Automatic;
				DEVELOPMENT_TEAM = ADPZHFMU4G;
				INFOPLIST_FILE = Palmtree/Info.plist;
				LD_RUNPATH_SEARCH_PATHS = (
					"$(inherited)",
					"@executable_path/Frameworks",
				);
				PRODUCT_BUNDLE_IDENTIFIER = com.snapsprite.Palmtree;
				PRODUCT_NAME = "$(TARGET_NAME)";
				SWIFT_VERSION = 4.2;
				TARGETED_DEVICE_FAMILY = "1,2";
			};
			name = Release;
		};
/* End XCBuildConfiguration section */

/* Begin XCConfigurationList section */
		1DFBCB2B21E7893A00EAFC76 /* Build configuration list for PBXProject "Palmtree" */ = {
			isa = XCConfigurationList;
			buildConfigurations = (
				1DFBCB4021E7893B00EAFC76 /* Debug */,
				1DFBCB4121E7893B00EAFC76 /* Release */,
			);
			defaultConfigurationIsVisible = 0;
			defaultConfigurationName = Release;
		};
		1DFBCB4221E7893C00EAFC76 /* Build configuration list for PBXNativeTarget "Palmtree" */ = {
			isa = XCConfigurationList;
			buildConfigurations = (
				1DFBCB4321E7893C00EAFC76 /* Debug */,
				1DFBCB4421E7893C00EAFC76 /* Release */,
			);
			defaultConfigurationIsVisible = 0;
			defaultConfigurationName = Release;
		};
/* End XCConfigurationList section */
	};
	rootObject = 1DFBCB2821E7893A00EAFC76 /* Project object */;
}
